// !$*UTF8*$!
{
	archiveVersion = 1;
	classes = {
	};
	objectVersion = 77;
	objects = {

/* Begin PBXFileReference section */
		VE00F0000000000000000001 /* Verso.app */ = {isa = PBXFileReference; explicitFileType = wrapper.application; includeInIndex = 0; path = Verso.app; sourceTree = BUILT_PRODUCTS_DIR; };
		VE00F0000000000000000002 /* VersoTests.xctest */ = {isa = PBXFileReference; explicitFileType = wrapper.cfbundle; includeInIndex = 0; path = VersoTests.xctest; sourceTree = BUILT_PRODUCTS_DIR; };
		VE00F0000000000000000003 /* Info.plist */ = {isa = PBXFileReference; lastKnownFileType = text.plist.xml; path = Info.plist; sourceTree = "<group>"; };
		VE00F0000000000000000004 /* Verso.entitlements */ = {isa = PBXFileReference; lastKnownFileType = text.plist.entitlements; path = Verso.entitlements; sourceTree = "<group>"; };
		VE00F0000000000000000005 /* VersoWidgets.appex */ = {isa = PBXFileReference; explicitFileType = "wrapper.app-extension"; includeInIndex = 0; path = VersoWidgets.appex; sourceTree = BUILT_PRODUCTS_DIR; };
		VE00F0000000000000000006 /* VersoWidgets-Info.plist */ = {isa = PBXFileReference; lastKnownFileType = text.plist.xml; path = "VersoWidgets-Info.plist"; sourceTree = "<group>"; };
		VE00F0000000000000000007 /* VersoWidgets.entitlements */ = {isa = PBXFileReference; lastKnownFileType = text.plist.entitlements; path = VersoWidgets.entitlements; sourceTree = "<group>"; };
/* End PBXFileReference section */

/* Begin PBXBuildFile section */
		VE00B0000000000000000001 /* VersoWidgets.appex in Embed Foundation Extensions */ = {isa = PBXBuildFile; fileRef = VE00F0000000000000000005 /* VersoWidgets.appex */; settings = {ATTRIBUTES = (RemoveHeadersOnCopy, ); }; };
		VE00B0000000000000000002 /* VersoKit in Frameworks */ = {isa = PBXBuildFile; productRef = VE00K0000000000000000001 /* VersoKit */; };
		VE00B0000000000000000003 /* VersoKit in Frameworks */ = {isa = PBXBuildFile; productRef = VE00K0000000000000000002 /* VersoKit */; };
		VE00B0000000000000000004 /* VersoKit in Frameworks */ = {isa = PBXBuildFile; productRef = VE00K0000000000000000003 /* VersoKit */; };
/* End PBXBuildFile section */

/* Begin PBXFileSystemSynchronizedRootGroup section */
		VE00S0000000000000000001 /* Verso */ = {
			isa = PBXFileSystemSynchronizedRootGroup;
			path = Verso;
			sourceTree = "<group>";
		};
		VE00S0000000000000000002 /* VersoTests */ = {
			isa = PBXFileSystemSynchronizedRootGroup;
			path = VersoTests;
			sourceTree = "<group>";
		};
		VE00S0000000000000000003 /* VersoWidgets */ = {
			isa = PBXFileSystemSynchronizedRootGroup;
			path = VersoWidgets;
			sourceTree = "<group>";
		};
/* End PBXFileSystemSynchronizedRootGroup section */

/* Begin PBXFrameworksBuildPhase section */
		VE00R0000000000000000001 /* Frameworks */ = {
			isa = PBXFrameworksBuildPhase;
			buildActionMask = 2147483647;
			files = (
				VE00B0000000000000000002 /* VersoKit in Frameworks */,
			);
			runOnlyForDeploymentPostprocessing = 0;
		};
		VE00R0000000000000000002 /* Frameworks */ = {
			isa = PBXFrameworksBuildPhase;
			buildActionMask = 2147483647;
			files = (
				VE00B0000000000000000004 /* VersoKit in Frameworks */,
			);
			runOnlyForDeploymentPostprocessing = 0;
		};
		VE00R0000000000000000003 /* Frameworks */ = {
			isa = PBXFrameworksBuildPhase;
			buildActionMask = 2147483647;
			files = (
				VE00B0000000000000000003 /* VersoKit in Frameworks */,
			);
			runOnlyForDeploymentPostprocessing = 0;
		};
/* End PBXFrameworksBuildPhase section */

/* Begin PBXGroup section */
		VE00G0000000000000000000 = {
			isa = PBXGroup;
			children = (
				VE00G0000000000000000003 /* Packages */,
				VE00S0000000000000000001 /* Verso */,
				VE00S0000000000000000003 /* VersoWidgets */,
				VE00S0000000000000000002 /* VersoTests */,
				VE00G0000000000000000002 /* Config */,
				VE00G0000000000000000001 /* Products */,
			);
			sourceTree = "<group>";
		};
		VE00G0000000000000000001 /* Products */ = {
			isa = PBXGroup;
			children = (
				VE00F0000000000000000001 /* Verso.app */,
				VE00F0000000000000000002 /* VersoTests.xctest */,
				VE00F0000000000000000005 /* VersoWidgets.appex */,
			);
			name = Products;
			sourceTree = "<group>";
		};
		VE00G0000000000000000002 /* Config */ = {
			isa = PBXGroup;
			children = (
				VE00F0000000000000000003 /* Info.plist */,
				VE00F0000000000000000004 /* Verso.entitlements */,
				VE00F0000000000000000006 /* VersoWidgets-Info.plist */,
				VE00F0000000000000000007 /* VersoWidgets.entitlements */,
			);
			path = Config;
			sourceTree = "<group>";
		};
		VE00G0000000000000000003 /* Packages */ = {
			isa = PBXGroup;
			children = (
			);
			name = Packages;
			sourceTree = "<group>";
		};
/* End PBXGroup section */

/* Begin PBXNativeTarget section */
		VE00T0000000000000000001 /* Verso */ = {
			isa = PBXNativeTarget;
			buildConfigurationList = VE00L0000000000000000002 /* Build configuration list for PBXNativeTarget "Verso" */;
			buildPhases = (
				VE00P0000000000000000001 /* Sources */,
				VE00R0000000000000000001 /* Frameworks */,
				VE00P0000000000000000002 /* Resources */,
				VE00P0000000000000000005 /* Embed Foundation Extensions */,
			);
			buildRules = (
			);
			dependencies = (
				VE00D0000000000000000002 /* PBXTargetDependency */,
			);
			fileSystemSynchronizedGroups = (
				VE00S0000000000000000001 /* Verso */,
			);
			name = Verso;
			packageProductDependencies = (
				VE00K0000000000000000001 /* VersoKit */,
			);
			productName = Verso;
			productReference = VE00F0000000000000000001 /* Verso.app */;
			productType = "com.apple.product-type.application";
		};
		VE00T0000000000000000002 /* VersoTests */ = {
			isa = PBXNativeTarget;
			buildConfigurationList = VE00L0000000000000000003 /* Build configuration list for PBXNativeTarget "VersoTests" */;
			buildPhases = (
				VE00P0000000000000000003 /* Sources */,
				VE00R0000000000000000002 /* Frameworks */,
				VE00P0000000000000000004 /* Resources */,
			);
			buildRules = (
			);
			dependencies = (
				VE00D0000000000000000001 /* PBXTargetDependency */,
			);
			fileSystemSynchronizedGroups = (
				VE00S0000000000000000002 /* VersoTests */,
			);
			name = VersoTests;
			packageProductDependencies = (
				VE00K0000000000000000003 /* VersoKit */,
			);
			productName = VersoTests;
			productReference = VE00F0000000000000000002 /* VersoTests.xctest */;
			productType = "com.apple.product-type.bundle.unit-test";
		};
		VE00T0000000000000000003 /* VersoWidgets */ = {
			isa = PBXNativeTarget;
			buildConfigurationList = VE00L0000000000000000004 /* Build configuration list for PBXNativeTarget "VersoWidgets" */;
			buildPhases = (
				VE00P0000000000000000006 /* Sources */,
				VE00R0000000000000000003 /* Frameworks */,
				VE00P0000000000000000007 /* Resources */,
			);
			buildRules = (
			);
			dependencies = (
			);
			fileSystemSynchronizedGroups = (
				VE00S0000000000000000003 /* VersoWidgets */,
			);
			name = VersoWidgets;
			packageProductDependencies = (
				VE00K0000000000000000002 /* VersoKit */,
			);
			productName = VersoWidgets;
			productReference = VE00F0000000000000000005 /* VersoWidgets.appex */;
			productType = "com.apple.product-type.app-extension";
		};
/* End PBXNativeTarget section */

/* Begin PBXCopyFilesBuildPhase section */
		VE00P0000000000000000005 /* Embed Foundation Extensions */ = {
			isa = PBXCopyFilesBuildPhase;
			buildActionMask = 2147483647;
			dstPath = "";
			dstSubfolderSpec = 13;
			files = (
				VE00B0000000000000000001 /* VersoWidgets.appex in Embed Foundation Extensions */,
			);
			name = "Embed Foundation Extensions";
			runOnlyForDeploymentPostprocessing = 0;
		};
/* End PBXCopyFilesBuildPhase section */

/* Begin PBXProject section */
		VE00J0000000000000000001 /* Project object */ = {
			isa = PBXProject;
			attributes = {
				BuildIndependentTargetsInParallel = 1;
				LastSwiftUpdateCheck = 2600;
				LastUpgradeCheck = 2600;
				TargetAttributes = {
					VE00T0000000000000000001 = {
						CreatedOnToolsVersion = 26.0;
					};
					VE00T0000000000000000002 = {
						CreatedOnToolsVersion = 26.0;
						TestTargetID = VE00T0000000000000000001;
					};
					VE00T0000000000000000003 = {
						CreatedOnToolsVersion = 26.0;
					};
				};
			};
			buildConfigurationList = VE00L0000000000000000001 /* Build configuration list for PBXProject "Verso" */;
			developmentRegion = en;
			hasScannedForEncodings = 0;
			knownRegions = (
				en,
				Base,
			);
			mainGroup = VE00G0000000000000000000;
			minimizedProjectReferenceProxies = 1;
			packageReferences = (
				VE00N0000000000000000001 /* XCLocalSwiftPackageReference "VersoKit" */,
			);
			preferredProjectObjectVersion = 77;
			productRefGroup = VE00G0000000000000000001 /* Products */;
			projectDirPath = "";
			projectRoot = "";
			targets = (
				VE00T0000000000000000001 /* Verso */,
				VE00T0000000000000000003 /* VersoWidgets */,
				VE00T0000000000000000002 /* VersoTests */,
			);
		};
/* End PBXProject section */

/* Begin PBXResourcesBuildPhase section */
		VE00P0000000000000000002 /* Resources */ = {
			isa = PBXResourcesBuildPhase;
			buildActionMask = 2147483647;
			files = (
			);
			runOnlyForDeploymentPostprocessing = 0;
		};
		VE00P0000000000000000004 /* Resources */ = {
			isa = PBXResourcesBuildPhase;
			buildActionMask = 2147483647;
			files = (
			);
			runOnlyForDeploymentPostprocessing = 0;
		};
		VE00P0000000000000000007 /* Resources */ = {
			isa = PBXResourcesBuildPhase;
			buildActionMask = 2147483647;
			files = (
			);
			runOnlyForDeploymentPostprocessing = 0;
		};
/* End PBXResourcesBuildPhase section */

/* Begin PBXSourcesBuildPhase section */
		VE00P0000000000000000001 /* Sources */ = {
			isa = PBXSourcesBuildPhase;
			buildActionMask = 2147483647;
			files = (
			);
			runOnlyForDeploymentPostprocessing = 0;
		};
		VE00P0000000000000000003 /* Sources */ = {
			isa = PBXSourcesBuildPhase;
			buildActionMask = 2147483647;
			files = (
			);
			runOnlyForDeploymentPostprocessing = 0;
		};
		VE00P0000000000000000006 /* Sources */ = {
			isa = PBXSourcesBuildPhase;
			buildActionMask = 2147483647;
			files = (
			);
			runOnlyForDeploymentPostprocessing = 0;
		};
/* End PBXSourcesBuildPhase section */

/* Begin PBXTargetDependency section */
		VE00D0000000000000000001 /* PBXTargetDependency */ = {
			isa = PBXTargetDependency;
			target = VE00T0000000000000000001 /* Verso */;
			targetProxy = VE00X0000000000000000001 /* PBXContainerItemProxy */;
		};
		VE00D0000000000000000002 /* PBXTargetDependency */ = {
			isa = PBXTargetDependency;
			target = VE00T0000000000000000003 /* VersoWidgets */;
			targetProxy = VE00X0000000000000000002 /* PBXContainerItemProxy */;
		};
/* End PBXTargetDependency section */

/* Begin PBXContainerItemProxy section */
		VE00X0000000000000000001 /* PBXContainerItemProxy */ = {
			isa = PBXContainerItemProxy;
			containerPortal = VE00J0000000000000000001 /* Project object */;
			proxyType = 1;
			remoteGlobalIDString = VE00T0000000000000000001;
			remoteInfo = Verso;
		};
		VE00X0000000000000000002 /* PBXContainerItemProxy */ = {
			isa = PBXContainerItemProxy;
			containerPortal = VE00J0000000000000000001 /* Project object */;
			proxyType = 1;
			remoteGlobalIDString = VE00T0000000000000000003;
			remoteInfo = VersoWidgets;
		};
/* End PBXContainerItemProxy section */

/* Begin XCBuildConfiguration section */
		VE00C0000000000000000001 /* Debug */ = {
			isa = XCBuildConfiguration;
			buildSettings = {
				ALWAYS_SEARCH_USER_PATHS = NO;
				ASSETCATALOG_COMPILER_GENERATE_SWIFT_ASSET_SYMBOL_EXTENSIONS = YES;
				CLANG_ANALYZER_NONNULL = YES;
				CLANG_ENABLE_MODULES = YES;
				CLANG_ENABLE_OBJC_ARC = YES;
				COPY_PHASE_STRIP = NO;
				DEBUG_INFORMATION_FORMAT = dwarf;
				ENABLE_STRICT_OBJC_MSGSEND = YES;
				ENABLE_TESTABILITY = YES;
				ENABLE_USER_SCRIPT_SANDBOXING = YES;
				GCC_C_LANGUAGE_STANDARD = gnu17;
				GCC_OPTIMIZATION_LEVEL = 0;
				GCC_PREPROCESSOR_DEFINITIONS = (
					"DEBUG=1",
					"$(inherited)",
				);
				IPHONEOS_DEPLOYMENT_TARGET = 26.0;
				LOCALIZATION_PREFERS_STRING_CATALOGS = YES;
				MTL_ENABLE_DEBUG_INFO = INCLUDE_SOURCE;
				MTL_FAST_MATH = YES;
				ONLY_ACTIVE_ARCH = YES;
				SDKROOT = iphoneos;
				SWIFT_ACTIVE_COMPILATION_CONDITIONS = "DEBUG $(inherited)";
				SWIFT_APPROACHABLE_CONCURRENCY = YES;
				SWIFT_DEFAULT_ACTOR_ISOLATION = nonisolated;
				SWIFT_OPTIMIZATION_LEVEL = "-Onone";
				SWIFT_STRICT_CONCURRENCY = complete;
				SWIFT_UPCOMING_FEATURE_MEMBER_IMPORT_VISIBILITY = YES;
				SWIFT_VERSION = 6.0;
			};
			name = Debug;
		};
		VE00C0000000000000000002 /* Release */ = {
			isa = XCBuildConfiguration;
			buildSettings = {
				ALWAYS_SEARCH_USER_PATHS = NO;
				ASSETCATALOG_COMPILER_GENERATE_SWIFT_ASSET_SYMBOL_EXTENSIONS = YES;
				CLANG_ANALYZER_NONNULL = YES;
				CLANG_ENABLE_MODULES = YES;
				CLANG_ENABLE_OBJC_ARC = YES;
				COPY_PHASE_STRIP = NO;
				DEBUG_INFORMATION_FORMAT = "dwarf-with-dsym";
				ENABLE_NS_ASSERTIONS = NO;
				ENABLE_STRICT_OBJC_MSGSEND = YES;
				ENABLE_USER_SCRIPT_SANDBOXING = YES;
				GCC_C_LANGUAGE_STANDARD = gnu17;
				IPHONEOS_DEPLOYMENT_TARGET = 26.0;
				LOCALIZATION_PREFERS_STRING_CATALOGS = YES;
				MTL_ENABLE_DEBUG_INFO = NO;
				MTL_FAST_MATH = YES;
				SDKROOT = iphoneos;
				SWIFT_APPROACHABLE_CONCURRENCY = YES;
				SWIFT_COMPILATION_MODE = wholemodule;
				SWIFT_DEFAULT_ACTOR_ISOLATION = nonisolated;
				SWIFT_STRICT_CONCURRENCY = complete;
				SWIFT_UPCOMING_FEATURE_MEMBER_IMPORT_VISIBILITY = YES;
				SWIFT_VERSION = 6.0;
				VALIDATE_PRODUCT = YES;
			};
			name = Release;
		};
		VE00C0000000000000000003 /* Debug */ = {
			isa = XCBuildConfiguration;
			buildSettings = {
				ASSETCATALOG_COMPILER_APPICON_NAME = AppIcon;
				CODE_SIGN_ENTITLEMENTS = Config/Verso.entitlements;
				CODE_SIGN_STYLE = Automatic;
				CURRENT_PROJECT_VERSION = 1;
				DEVELOPMENT_ASSET_PATHS = "";
				ENABLE_PREVIEWS = YES;
				GENERATE_INFOPLIST_FILE = NO;
				INFOPLIST_FILE = Config/Info.plist;
				LD_RUNPATH_SEARCH_PATHS = (
					"$(inherited)",
					"@executable_path/Frameworks",
				);
				MARKETING_VERSION = 1.0;
				PRODUCT_BUNDLE_IDENTIFIER = com.verso.notes;
				PRODUCT_NAME = "$(TARGET_NAME)";
				SUPPORTED_PLATFORMS = "iphoneos iphonesimulator";
				SUPPORTS_MACCATALYST = NO;
				SUPPORTS_MAC_DESIGNED_FOR_IPHONE_IPAD = NO;
				SUPPORTS_XR_DESIGNED_FOR_IPHONE_IPAD = NO;
				SWIFT_EMIT_LOC_STRINGS = YES;
				TARGETED_DEVICE_FAMILY = "1,2";
			};
			name = Debug;
		};
		VE00C0000000000000000004 /* Release */ = {
			isa = XCBuildConfiguration;
			buildSettings = {
				ASSETCATALOG_COMPILER_APPICON_NAME = AppIcon;
				CODE_SIGN_ENTITLEMENTS = Config/Verso.entitlements;
				CODE_SIGN_STYLE = Automatic;
				CURRENT_PROJECT_VERSION = 1;
				DEVELOPMENT_ASSET_PATHS = "";
				ENABLE_PREVIEWS = YES;
				GENERATE_INFOPLIST_FILE = NO;
				INFOPLIST_FILE = Config/Info.plist;
				LD_RUNPATH_SEARCH_PATHS = (
					"$(inherited)",
					"@executable_path/Frameworks",
				);
				MARKETING_VERSION = 1.0;
				PRODUCT_BUNDLE_IDENTIFIER = com.verso.notes;
				PRODUCT_NAME = "$(TARGET_NAME)";
				SUPPORTED_PLATFORMS = "iphoneos iphonesimulator";
				SUPPORTS_MACCATALYST = NO;
				SUPPORTS_MAC_DESIGNED_FOR_IPHONE_IPAD = NO;
				SUPPORTS_XR_DESIGNED_FOR_IPHONE_IPAD = NO;
				SWIFT_EMIT_LOC_STRINGS = YES;
				TARGETED_DEVICE_FAMILY = "1,2";
			};
			name = Release;
		};
		VE00C0000000000000000005 /* Debug */ = {
			isa = XCBuildConfiguration;
			buildSettings = {
				BUNDLE_LOADER = "$(TEST_HOST)";
				CODE_SIGN_STYLE = Automatic;
				CURRENT_PROJECT_VERSION = 1;
				GENERATE_INFOPLIST_FILE = YES;
				MARKETING_VERSION = 1.0;
				PRODUCT_BUNDLE_IDENTIFIER = com.verso.notes.tests;
				PRODUCT_NAME = "$(TARGET_NAME)";
				SWIFT_EMIT_LOC_STRINGS = NO;
				TARGETED_DEVICE_FAMILY = "1,2";
				TEST_HOST = "$(BUILT_PRODUCTS_DIR)/Verso.app/$(BUNDLE_EXECUTABLE_FOLDER_PATH)/Verso";
			};
			name = Debug;
		};
		VE00C0000000000000000006 /* Release */ = {
			isa = XCBuildConfiguration;
			buildSettings = {
				BUNDLE_LOADER = "$(TEST_HOST)";
				CODE_SIGN_STYLE = Automatic;
				CURRENT_PROJECT_VERSION = 1;
				GENERATE_INFOPLIST_FILE = YES;
				MARKETING_VERSION = 1.0;
				PRODUCT_BUNDLE_IDENTIFIER = com.verso.notes.tests;
				PRODUCT_NAME = "$(TARGET_NAME)";
				SWIFT_EMIT_LOC_STRINGS = NO;
				TARGETED_DEVICE_FAMILY = "1,2";
				TEST_HOST = "$(BUILT_PRODUCTS_DIR)/Verso.app/$(BUNDLE_EXECUTABLE_FOLDER_PATH)/Verso";
			};
			name = Release;
		};
		VE00C0000000000000000007 /* Debug */ = {
			isa = XCBuildConfiguration;
			buildSettings = {
				CODE_SIGN_ENTITLEMENTS = Config/VersoWidgets.entitlements;
				CODE_SIGN_STYLE = Automatic;
				CURRENT_PROJECT_VERSION = 1;
				GENERATE_INFOPLIST_FILE = NO;
				INFOPLIST_FILE = "Config/VersoWidgets-Info.plist";
				LD_RUNPATH_SEARCH_PATHS = (
					"$(inherited)",
					"@executable_path/Frameworks",
					"@executable_path/../../Frameworks",
				);
				MARKETING_VERSION = 1.0;
				PRODUCT_BUNDLE_IDENTIFIER = com.verso.notes.widgets;
				PRODUCT_NAME = "$(TARGET_NAME)";
				SKIP_INSTALL = YES;
				SWIFT_EMIT_LOC_STRINGS = YES;
				TARGETED_DEVICE_FAMILY = "1,2";
			};
			name = Debug;
		};
		VE00C0000000000000000008 /* Release */ = {
			isa = XCBuildConfiguration;
			buildSettings = {
				CODE_SIGN_ENTITLEMENTS = Config/VersoWidgets.entitlements;
				CODE_SIGN_STYLE = Automatic;
				CURRENT_PROJECT_VERSION = 1;
				GENERATE_INFOPLIST_FILE = NO;
				INFOPLIST_FILE = "Config/VersoWidgets-Info.plist";
				LD_RUNPATH_SEARCH_PATHS = (
					"$(inherited)",
					"@executable_path/Frameworks",
					"@executable_path/../../Frameworks",
				);
				MARKETING_VERSION = 1.0;
				PRODUCT_BUNDLE_IDENTIFIER = com.verso.notes.widgets;
				PRODUCT_NAME = "$(TARGET_NAME)";
				SKIP_INSTALL = YES;
				SWIFT_EMIT_LOC_STRINGS = YES;
				TARGETED_DEVICE_FAMILY = "1,2";
			};
			name = Release;
		};
/* End XCBuildConfiguration section */

/* Begin XCConfigurationList section */
		VE00L0000000000000000001 /* Build configuration list for PBXProject "Verso" */ = {
			isa = XCConfigurationList;
			buildConfigurations = (
				VE00C0000000000000000001 /* Debug */,
				VE00C0000000000000000002 /* Release */,
			);
			defaultConfigurationIsVisible = 0;
			defaultConfigurationName = Release;
		};
		VE00L0000000000000000002 /* Build configuration list for PBXNativeTarget "Verso" */ = {
			isa = XCConfigurationList;
			buildConfigurations = (
				VE00C0000000000000000003 /* Debug */,
				VE00C0000000000000000004 /* Release */,
			);
			defaultConfigurationIsVisible = 0;
			defaultConfigurationName = Release;
		};
		VE00L0000000000000000003 /* Build configuration list for PBXNativeTarget "VersoTests" */ = {
			isa = XCConfigurationList;
			buildConfigurations = (
				VE00C0000000000000000005 /* Debug */,
				VE00C0000000000000000006 /* Release */,
			);
			defaultConfigurationIsVisible = 0;
			defaultConfigurationName = Release;
		};
		VE00L0000000000000000004 /* Build configuration list for PBXNativeTarget "VersoWidgets" */ = {
			isa = XCConfigurationList;
			buildConfigurations = (
				VE00C0000000000000000007 /* Debug */,
				VE00C0000000000000000008 /* Release */,
			);
			defaultConfigurationIsVisible = 0;
			defaultConfigurationName = Release;
		};
/* End XCConfigurationList section */

/* Begin XCLocalSwiftPackageReference section */
		VE00N0000000000000000001 /* XCLocalSwiftPackageReference "VersoKit" */ = {
			isa = XCLocalSwiftPackageReference;
			relativePath = VersoKit;
		};
/* End XCLocalSwiftPackageReference section */

/* Begin XCSwiftPackageProductDependency section */
		VE00K0000000000000000001 /* VersoKit */ = {
			isa = XCSwiftPackageProductDependency;
			productName = VersoKit;
		};
		VE00K0000000000000000002 /* VersoKit */ = {
			isa = XCSwiftPackageProductDependency;
			productName = VersoKit;
		};
		VE00K0000000000000000003 /* VersoKit */ = {
			isa = XCSwiftPackageProductDependency;
			productName = VersoKit;
		};
/* End XCSwiftPackageProductDependency section */
	};
	rootObject = VE00J0000000000000000001 /* Project object */;
}
